
Microsoft Visual Studio Solution File, Format Version 12.00
# Visual Studio Version 17
VisualStudioVersion = 17.7.34009.444
MinimumVisualStudioVersion = 10.0.40219.1
Project("{FAE04EC0-301F-11D3-BF4B-00C04F79EFBC}") = "Financial Accounting", "Financial Accounting.csproj", "{5A067636-4FE5-40AA-B2DB-B401BC87F4E5}"
EndProject
Global
	GlobalSection(SolutionConfigurationPlatforms) = preSolution
		Debug|Any CPU = Debug|Any CPU
		Release|Any CPU = Release|Any CPU
	EndGlobalSection
	GlobalSection(ProjectConfigurationPlatforms) = postSolution
		{5A067636-4FE5-40AA-B2DB-B401BC87F4E5}.Debug|Any CPU.ActiveCfg = Debug|Any CPU
		{5A067636-4FE5-40AA-B2DB-B401BC87F4E5}.Debug|Any CPU.Build.0 = Debug|Any CPU
		{5A067636-4FE5-40AA-B2DB-B401BC87F4E5}.Release|Any CPU.ActiveCfg = Release|Any CPU
		{5A067636-4FE5-40AA-B2DB-B401BC87F4E5}.Release|Any CPU.Build.0 = Release|Any CPU
	EndGlobalSection
	GlobalSection(SolutionProperties) = preSolution
		HideSolutionNode = FALSE
	EndGlobalSection
	GlobalSection(ExtensibilityGlobals) = postSolution
		SolutionGuid = {09888390-23A4-4E34-AC11-8B55F130950E}
	EndGlobalSection
EndGlobal
